
Microsoft Visual Studio Solution File, Format Version 12.00
# Visual Studio Version 17
VisualStudioVersion = 17.7.34031.279
MinimumVisualStudioVersion = 10.0.40219.1
Project("{FAE04EC0-301F-11D3-BF4B-00C04F79EFBC}") = "PP03", "PP03\PP03.csproj", "{05A1E3E6-BAFC-4C6B-BE86-267088D24D37}"
EndProject
Project("{FAE04EC0-301F-11D3-BF4B-00C04F79EFBC}") = "Lec03LibN", "Lec04LibN\Lec03LibN.csproj", "{AA1BF9C8-0C0C-4F08-BDEC-06563904381C}"
EndProject
Global
	GlobalSection(SolutionConfigurationPlatforms) = preSolution
		Debug|Any CPU = Debug|Any CPU
		Release|Any CPU = Release|Any CPU
	EndGlobalSection
	GlobalSection(ProjectConfigurationPlatforms) = postSolution
		{05A1E3E6-BAFC-4C6B-BE86-267088D24D37}.Debug|Any CPU.ActiveCfg = Debug|Any CPU
		{05A1E3E6-BAFC-4C6B-BE86-267088D24D37}.Debug|Any CPU.Build.0 = Debug|Any CPU
		{05A1E3E6-BAFC-4C6B-BE86-267088D24D37}.Release|Any CPU.ActiveCfg = Release|Any CPU
		{05A1E3E6-BAFC-4C6B-BE86-267088D24D37}.Release|Any CPU.Build.0 = Release|Any CPU
		{AA1BF9C8-0C0C-4F08-BDEC-06563904381C}.Debug|Any CPU.ActiveCfg = Debug|Any CPU
		{AA1BF9C8-0C0C-4F08-BDEC-06563904381C}.Debug|Any CPU.Build.0 = Debug|Any CPU
		{AA1BF9C8-0C0C-4F08-BDEC-06563904381C}.Release|Any CPU.ActiveCfg = Release|Any CPU
		{AA1BF9C8-0C0C-4F08-BDEC-06563904381C}.Release|Any CPU.Build.0 = Release|Any CPU
	EndGlobalSection
	GlobalSection(SolutionProperties) = preSolution
		HideSolutionNode = FALSE
	EndGlobalSection
	GlobalSection(ExtensibilityGlobals) = postSolution
		SolutionGuid = {E996FB08-91D2-414F-B9FB-8D0DCA4BC914}
	EndGlobalSection
EndGlobal
